// !$*UTF8*$!
{
	archiveVersion = 1;
	classes = {
	};
	objectVersion = 50;
	objects = {

/* Begin PBXBuildFile section */
		3F0DA2C622CD092E006F812A /* AppDelegate.swift in Sources */ = {isa = PBXBuildFile; fileRef = 3F0DA2C522CD092E006F812A /* AppDelegate.swift */; };
		3F0DA2C822CD092E006F812A /* FirstViewController.swift in Sources */ = {isa = PBXBuildFile; fileRef = 3F0DA2C722CD092E006F812A /* FirstViewController.swift */; };
		3F0DA2CA22CD092E006F812A /* SecondViewController.swift in Sources */ = {isa = PBXBuildFile; fileRef = 3F0DA2C922CD092E006F812A /* SecondViewController.swift */; };
		3F0DA2CD22CD092E006F812A /* Main.storyboard in Resources */ = {isa = PBXBuildFile; fileRef = 3F0DA2CB22CD092E006F812A /* Main.storyboard */; };
		3F0DA2CF22CD092F006F812A /* Assets.xcassets in Resources */ = {isa = PBXBuildFile; fileRef = 3F0DA2CE22CD092F006F812A /* Assets.xcassets */; };
		3F0DA2D222CD092F006F812A /* LaunchScreen.storyboard in Resources */ = {isa = PBXBuildFile; fileRef = 3F0DA2D022CD092F006F812A /* LaunchScreen.storyboard */; };
		3F0DA2DD22CD092F006F812A /* Double_AppTests.swift in Sources */ = {isa = PBXBuildFile; fileRef = 3F0DA2DC22CD092F006F812A /* Double_AppTests.swift */; };
		3F0DA2E822CD092F006F812A /* Double_AppUITests.swift in Sources */ = {isa = PBXBuildFile; fileRef = 3F0DA2E722CD092F006F812A /* Double_AppUITests.swift */; };
/* End PBXBuildFile section */

/* Begin PBXContainerItemProxy section */
		3F0DA2D922CD092F006F812A /* PBXContainerItemProxy */ = {
			isa = PBXContainerItemProxy;
			containerPortal = 3F0DA2BA22CD092E006F812A /* Project object */;
			proxyType = 1;
			remoteGlobalIDString = 3F0DA2C122CD092E006F812A;
			remoteInfo = "Double App";
		};
		3F0DA2E422CD092F006F812A /* PBXContainerItemProxy */ = {
			isa = PBXContainerItemProxy;
			containerPortal = 3F0DA2BA22CD092E006F812A /* Project object */;
			proxyType = 1;
			remoteGlobalIDString = 3F0DA2C122CD092E006F812A;
			remoteInfo = "Double App";
		};
/* End PBXContainerItemProxy section */

/* Begin PBXFileReference section */
		3F0DA2C222CD092E006F812A /* Double App.app */ = {isa = PBXFileReference; explicitFileType = wrapper.application; includeInIndex = 0; path = "Double App.app"; sourceTree = BUILT_PRODUCTS_DIR; };
		3F0DA2C522CD092E006F812A /* AppDelegate.swift */ = {isa = PBXFileReference; lastKnownFileType = sourcecode.swift; path = AppDelegate.swift; sourceTree = "<group>"; };
		3F0DA2C722CD092E006F812A /* FirstViewController.swift */ = {isa = PBXFileReference; lastKnownFileType = sourcecode.swift; path = FirstViewController.swift; sourceTree = "<group>"; };
		3F0DA2C922CD092E006F812A /* SecondViewController.swift */ = {isa = PBXFileReference; lastKnownFileType = sourcecode.swift; path = SecondViewController.swift; sourceTree = "<group>"; };
		3F0DA2CC22CD092E006F812A /* Base */ = {isa = PBXFileReference; lastKnownFileType = file.storyboard; name = Base; path = Base.lproj/Main.storyboard; sourceTree = "<group>"; };
		3F0DA2CE22CD092F006F812A /* Assets.xcassets */ = {isa = PBXFileReference; lastKnownFileType = folder.assetcatalog; path = Assets.xcassets; sourceTree = "<group>"; };
		3F0DA2D122CD092F006F812A /* Base */ = {isa = PBXFileReference; lastKnownFileType = file.storyboard; name = Base; path = Base.lproj/LaunchScreen.storyboard; sourceTree = "<group>"; };
		3F0DA2D322CD092F006F812A /* Info.plist */ = {isa = PBXFileReference; lastKnownFileType = text.plist.xml; path = Info.plist; sourceTree = "<group>"; };
		3F0DA2D822CD092F006F812A /* Double AppTests.xctest */ = {isa = PBXFileReference; explicitFileType = wrapper.cfbundle; includeInIndex = 0; path = "Double AppTests.xctest"; sourceTree = BUILT_PRODUCTS_DIR; };
		3F0DA2DC22CD092F006F812A /* Double_AppTests.swift */ = {isa = PBXFileReference; lastKnownFileType = sourcecode.swift; path = Double_AppTests.swift; sourceTree = "<group>"; };
		3F0DA2DE22CD092F006F812A /* Info.plist */ = {isa = PBXFileReference; lastKnownFileType = text.plist.xml; path = Info.plist; sourceTree = "<group>"; };
		3F0DA2E322CD092F006F812A /* Double AppUITests.xctest */ = {isa = PBXFileReference; explicitFileType = wrapper.cfbundle; includeInIndex = 0; path = "Double AppUITests.xctest"; sourceTree = BUILT_PRODUCTS_DIR; };
		3F0DA2E722CD092F006F812A /* Double_AppUITests.swift */ = {isa = PBXFileReference; lastKnownFileType = sourcecode.swift; path = Double_AppUITests.swift; sourceTree = "<group>"; };
		3F0DA2E922CD092F006F812A /* Info.plist */ = {isa = PBXFileReference; lastKnownFileType = text.plist.xml; path = Info.plist; sourceTree = "<group>"; };
/* End PBXFileReference section */

/* Begin PBXFrameworksBuildPhase section */
		3F0DA2BF22CD092E006F812A /* Frameworks */ = {
			isa = PBXFrameworksBuildPhase;
			buildActionMask = 2147483647;
			files = (
			);
			runOnlyForDeploymentPostprocessing = 0;
		};
		3F0DA2D522CD092F006F812A /* Frameworks */ = {
			isa = PBXFrameworksBuildPhase;
			buildActionMask = 2147483647;
			files = (
			);
			runOnlyForDeploymentPostprocessing = 0;
		};
		3F0DA2E022CD092F006F812A /* Frameworks */ = {
			isa = PBXFrameworksBuildPhase;
			buildActionMask = 2147483647;
			files = (
			);
			runOnlyForDeploymentPostprocessing = 0;
		};
/* End PBXFrameworksBuildPhase section */

/* Begin PBXGroup section */
		3F0DA2B922CD092E006F812A = {
			isa = PBXGroup;
			children = (
				3F0DA2C422CD092E006F812A /* Double App */,
				3F0DA2DB22CD092F006F812A /* Double AppTests */,
				3F0DA2E622CD092F006F812A /* Double AppUITests */,
				3F0DA2C322CD092E006F812A /* Products */,
			);
			sourceTree = "<group>";
		};
		3F0DA2C322CD092E006F812A /* Products */ = {
			isa = PBXGroup;
			children = (
				3F0DA2C222CD092E006F812A /* Double App.app */,
				3F0DA2D822CD092F006F812A /* Double AppTests.xctest */,
				3F0DA2E322CD092F006F812A /* Double AppUITests.xctest */,
			);
			name = Products;
			sourceTree = "<group>";
		};
		3F0DA2C422CD092E006F812A /* Double App */ = {
			isa = PBXGroup;
			children = (
				3F0DA2C522CD092E006F812A /* AppDelegate.swift */,
				3F0DA2C722CD092E006F812A /* FirstViewController.swift */,
				3F0DA2C922CD092E006F812A /* SecondViewController.swift */,
				3F0DA2CB22CD092E006F812A /* Main.storyboard */,
				3F0DA2CE22CD092F006F812A /* Assets.xcassets */,
				3F0DA2D022CD092F006F812A /* LaunchScreen.storyboard */,
				3F0DA2D322CD092F006F812A /* Info.plist */,
			);
			path = "Double App";
			sourceTree = "<group>";
		};
		3F0DA2DB22CD092F006F812A /* Double AppTests */ = {
			isa = PBXGroup;
			children = (
				3F0DA2DC22CD092F006F812A /* Double_AppTests.swift */,
				3F0DA2DE22CD092F006F812A /* Info.plist */,
			);
			path = "Double AppTests";
			sourceTree = "<group>";
		};
		3F0DA2E622CD092F006F812A /* Double AppUITests */ = {
			isa = PBXGroup;
			children = (
				3F0DA2E722CD092F006F812A /* Double_AppUITests.swift */,
				3F0DA2E922CD092F006F812A /* Info.plist */,
			);
			path = "Double AppUITests";
			sourceTree = "<group>";
		};
/* End PBXGroup section */

/* Begin PBXNativeTarget section */
		3F0DA2C122CD092E006F812A /* Double App */ = {
			isa = PBXNativeTarget;
			buildConfigurationList = 3F0DA2EC22CD092F006F812A /* Build configuration list for PBXNativeTarget "Double App" */;
			buildPhases = (
				3F0DA2BE22CD092E006F812A /* Sources */,
				3F0DA2BF22CD092E006F812A /* Frameworks */,
				3F0DA2C022CD092E006F812A /* Resources */,
			);
			buildRules = (
			);
			dependencies = (
			);
			name = "Double App";
			productName = "Double App";
			productReference = 3F0DA2C222CD092E006F812A /* Double App.app */;
			productType = "com.apple.product-type.application";
		};
		3F0DA2D722CD092F006F812A /* Double AppTests */ = {
			isa = PBXNativeTarget;
			buildConfigurationList = 3F0DA2EF22CD092F006F812A /* Build configuration list for PBXNativeTarget "Double AppTests" */;
			buildPhases = (
				3F0DA2D422CD092F006F812A /* Sources */,
				3F0DA2D522CD092F006F812A /* Frameworks */,
				3F0DA2D622CD092F006F812A /* Resources */,
			);
			buildRules = (
			);
			dependencies = (
				3F0DA2DA22CD092F006F812A /* PBXTargetDependency */,
			);
			name = "Double AppTests";
			productName = "Double AppTests";
			productReference = 3F0DA2D822CD092F006F812A /* Double AppTests.xctest */;
			productType = "com.apple.product-type.bundle.unit-test";
		};
		3F0DA2E222CD092F006F812A /* Double AppUITests */ = {
			isa = PBXNativeTarget;
			buildConfigurationList = 3F0DA2F222CD092F006F812A /* Build configuration list for PBXNativeTarget "Double AppUITests" */;
			buildPhases = (
				3F0DA2DF22CD092F006F812A /* Sources */,
				3F0DA2E022CD092F006F812A /* Frameworks */,
				3F0DA2E122CD092F006F812A /* Resources */,
			);
			buildRules = (
			);
			dependencies = (
				3F0DA2E522CD092F006F812A /* PBXTargetDependency */,
			);
			name = "Double AppUITests";
			productName = "Double AppUITests";
			productReference = 3F0DA2E322CD092F006F812A /* Double AppUITests.xctest */;
			productType = "com.apple.product-type.bundle.ui-testing";
		};
/* End PBXNativeTarget section */

/* Begin PBXProject section */
		3F0DA2BA22CD092E006F812A /* Project object */ = {
			isa = PBXProject;
			attributes = {
				LastSwiftUpdateCheck = 1010;
				LastUpgradeCheck = 1010;
				ORGANIZATIONNAME = student;
				TargetAttributes = {
					3F0DA2C122CD092E006F812A = {
						CreatedOnToolsVersion = 10.1;
					};
					3F0DA2D722CD092F006F812A = {
						CreatedOnToolsVersion = 10.1;
						TestTargetID = 3F0DA2C122CD092E006F812A;
					};
					3F0DA2E222CD092F006F812A = {
						CreatedOnToolsVersion = 10.1;
						TestTargetID = 3F0DA2C122CD092E006F812A;
					};
				};
			};
			buildConfigurationList = 3F0DA2BD22CD092E006F812A /* Build configuration list for PBXProject "Double App" */;
			compatibilityVersion = "Xcode 9.3";
			developmentRegion = en;
			hasScannedForEncodings = 0;
			knownRegions = (
				en,
				Base,
			);
			mainGroup = 3F0DA2B922CD092E006F812A;
			productRefGroup = 3F0DA2C322CD092E006F812A /* Products */;
			projectDirPath = "";
			projectRoot = "";
			targets = (
				3F0DA2C122CD092E006F812A /* Double App */,
				3F0DA2D722CD092F006F812A /* Double AppTests */,
				3F0DA2E222CD092F006F812A /* Double AppUITests */,
			);
		};
/* End PBXProject section */

/* Begin PBXResourcesBuildPhase section */
		3F0DA2C022CD092E006F812A /* Resources */ = {
			isa = PBXResourcesBuildPhase;
			buildActionMask = 2147483647;
			files = (
				3F0DA2D222CD092F006F812A /* LaunchScreen.storyboard in Resources */,
				3F0DA2CF22CD092F006F812A /* Assets.xcassets in Resources */,
				3F0DA2CD22CD092E006F812A /* Main.storyboard in Resources */,
			);
			runOnlyForDeploymentPostprocessing = 0;
		};
		3F0DA2D622CD092F006F812A /* Resources */ = {
			isa = PBXResourcesBuildPhase;
			buildActionMask = 2147483647;
			files = (
			);
			runOnlyForDeploymentPostprocessing = 0;
		};
		3F0DA2E122CD092F006F812A /* Resources */ = {
			isa = PBXResourcesBuildPhase;
			buildActionMask = 2147483647;
			files = (
			);
			runOnlyForDeploymentPostprocessing = 0;
		};
/* End PBXResourcesBuildPhase section */

/* Begin PBXSourcesBuildPhase section */
		3F0DA2BE22CD092E006F812A /* Sources */ = {
			isa = PBXSourcesBuildPhase;
			buildActionMask = 2147483647;
			files = (
				3F0DA2CA22CD092E006F812A /* SecondViewController.swift in Sources */,
				3F0DA2C622CD092E006F812A /* AppDelegate.swift in Sources */,
				3F0DA2C822CD092E006F812A /* FirstViewController.swift in Sources */,
			);
			runOnlyForDeploymentPostprocessing = 0;
		};
		3F0DA2D422CD092F006F812A /* Sources */ = {
			isa = PBXSourcesBuildPhase;
			buildActionMask = 2147483647;
			files = (
				3F0DA2DD22CD092F006F812A /* Double_AppTests.swift in Sources */,
			);
			runOnlyForDeploymentPostprocessing = 0;
		};
		3F0DA2DF22CD092F006F812A /* Sources */ = {
			isa = PBXSourcesBuildPhase;
			buildActionMask = 2147483647;
			files = (
				3F0DA2E822CD092F006F812A /* Double_AppUITests.swift in Sources */,
			);
			runOnlyForDeploymentPostprocessing = 0;
		};
/* End PBXSourcesBuildPhase section */

/* Begin PBXTargetDependency section */
		3F0DA2DA22CD092F006F812A /* PBXTargetDependency */ = {
			isa = PBXTargetDependency;
			target = 3F0DA2C122CD092E006F812A /* Double App */;
			targetProxy = 3F0DA2D922CD092F006F812A /* PBXContainerItemProxy */;
		};
		3F0DA2E522CD092F006F812A /* PBXTargetDependency */ = {
			isa = PBXTargetDependency;
			target = 3F0DA2C122CD092E006F812A /* Double App */;
			targetProxy = 3F0DA2E422CD092F006F812A /* PBXContainerItemProxy */;
		};
/* End PBXTargetDependency section */

/* Begin PBXVariantGroup section */
		3F0DA2CB22CD092E006F812A /* Main.storyboard */ = {
			isa = PBXVariantGroup;
			children = (
				3F0DA2CC22CD092E006F812A /* Base */,
			);
			name = Main.storyboard;
			sourceTree = "<group>";
		};
		3F0DA2D022CD092F006F812A /* LaunchScreen.storyboard */ = {
			isa = PBXVariantGroup;
			children = (
				3F0DA2D122CD092F006F812A /* Base */,
			);
			name = LaunchScreen.storyboard;
			sourceTree = "<group>";
		};
/* End PBXVariantGroup section */

/* Begin XCBuildConfiguration section */
		3F0DA2EA22CD092F006F812A /* Debug */ = {
			isa = XCBuildConfiguration;
			buildSettings = {
				ALWAYS_SEARCH_USER_PATHS = NO;
				CLANG_ANALYZER_NONNULL = YES;
				CLANG_ANALYZER_NUMBER_OBJECT_CONVERSION = YES_AGGRESSIVE;
				CLANG_CXX_LANGUAGE_STANDARD = "gnu++14";
				CLANG_CXX_LIBRARY = "libc++";
				CLANG_ENABLE_MODULES = YES;
				CLANG_ENABLE_OBJC_ARC = YES;
				CLANG_ENABLE_OBJC_WEAK = YES;
				CLANG_WARN_BLOCK_CAPTURE_AUTORELEASING = YES;
				CLANG_WARN_BOOL_CONVERSION = YES;
				CLANG_WARN_COMMA = YES;
				CLANG_WARN_CONSTANT_CONVERSION = YES;
				CLANG_WARN_DEPRECATED_OBJC_IMPLEMENTATIONS = YES;
				CLANG_WARN_DIRECT_OBJC_ISA_USAGE = YES_ERROR;
				CLANG_WARN_DOCUMENTATION_COMMENTS = YES;
				CLANG_WARN_EMPTY_BODY = YES;
				CLANG_WARN_ENUM_CONVERSION = YES;
				CLANG_WARN_INFINITE_RECURSION = YES;
				CLANG_WARN_INT_CONVERSION = YES;
				CLANG_WARN_NON_LITERAL_NULL_CONVERSION = YES;
				CLANG_WARN_OBJC_IMPLICIT_RETAIN_SELF = YES;
				CLANG_WARN_OBJC_LITERAL_CONVERSION = YES;
				CLANG_WARN_OBJC_ROOT_CLASS = YES_ERROR;
				CLANG_WARN_RANGE_LOOP_ANALYSIS = YES;
				CLANG_WARN_STRICT_PROTOTYPES = YES;
				CLANG_WARN_SUSPICIOUS_MOVE = YES;
				CLANG_WARN_UNGUARDED_AVAILABILITY = YES_AGGRESSIVE;
				CLANG_WARN_UNREACHABLE_CODE = YES;
				CLANG_WARN__DUPLICATE_METHOD_MATCH = YES;
				CODE_SIGN_IDENTITY = "iPhone Developer";
				COPY_PHASE_STRIP = NO;
				DEBUG_INFORMATION_FORMAT = dwarf;
				ENABLE_STRICT_OBJC_MSGSEND = YES;
				ENABLE_TESTABILITY = YES;
				GCC_C_LANGUAGE_STANDARD = gnu11;
				GCC_DYNAMIC_NO_PIC = NO;
				GCC_NO_COMMON_BLOCKS = YES;
				GCC_OPTIMIZATION_LEVEL = 0;
				GCC_PREPROCESSOR_DEFINITIONS = (
					"DEBUG=1",
					"$(inherited)",
				);
				GCC_WARN_64_TO_32_BIT_CONVERSION = YES;
				GCC_WARN_ABOUT_RETURN_TYPE = YES_ERROR;
				GCC_WARN_UNDECLARED_SELECTOR = YES;
				GCC_WARN_UNINITIALIZED_AUTOS = YES_AGGRESSIVE;
				GCC_WARN_UNUSED_FUNCTION = YES;
				GCC_WARN_UNUSED_VARIABLE = YES;
				IPHONEOS_DEPLOYMENT_TARGET = 12.1;
				MTL_ENABLE_DEBUG_INFO = INCLUDE_SOURCE;
				MTL_FAST_MATH = YES;
				ONLY_ACTIVE_ARCH = YES;
				SDKROOT = iphoneos;
				SWIFT_ACTIVE_COMPILATION_CONDITIONS = DEBUG;
				SWIFT_OPTIMIZATION_LEVEL = "-Onone";
			};
			name = Debug;
		};
		3F0DA2EB22CD092F006F812A /* Release */ = {
			isa = XCBuildConfiguration;
			buildSettings = {
				ALWAYS_SEARCH_USER_PATHS = NO;
				CLANG_ANALYZER_NONNULL = YES;
				CLANG_ANALYZER_NUMBER_OBJECT_CONVERSION = YES_AGGRESSIVE;
				CLANG_CXX_LANGUAGE_STANDARD = "gnu++14";
				CLANG_CXX_LIBRARY = "libc++";
				CLANG_ENABLE_MODULES = YES;
				CLANG_ENABLE_OBJC_ARC = YES;
				CLANG_ENABLE_OBJC_WEAK = YES;
				CLANG_WARN_BLOCK_CAPTURE_AUTORELEASING = YES;
				CLANG_WARN_BOOL_CONVERSION = YES;
				CLANG_WARN_COMMA = YES;
				CLANG_WARN_CONSTANT_CONVERSION = YES;
				CLANG_WARN_DEPRECATED_OBJC_IMPLEMENTATIONS = YES;
				CLANG_WARN_DIRECT_OBJC_ISA_USAGE = YES_ERROR;
				CLANG_WARN_DOCUMENTATION_COMMENTS = YES;
				CLANG_WARN_EMPTY_BODY = YES;
				CLANG_WARN_ENUM_CONVERSION = YES;
				CLANG_WARN_INFINITE_RECURSION = YES;
				CLANG_WARN_INT_CONVERSION = YES;
				CLANG_WARN_NON_LITERAL_NULL_CONVERSION = YES;
				CLANG_WARN_OBJC_IMPLICIT_RETAIN_SELF = YES;
				CLANG_WARN_OBJC_LITERAL_CONVERSION = YES;
				CLANG_WARN_OBJC_ROOT_CLASS = YES_ERROR;
				CLANG_WARN_RANGE_LOOP_ANALYSIS = YES;
				CLANG_WARN_STRICT_PROTOTYPES = YES;
				CLANG_WARN_SUSPICIOUS_MOVE = YES;
				CLANG_WARN_UNGUARDED_AVAILABILITY = YES_AGGRESSIVE;
				CLANG_WARN_UNREACHABLE_CODE = YES;
				CLANG_WARN__DUPLICATE_METHOD_MATCH = YES;
				CODE_SIGN_IDENTITY = "iPhone Developer";
				COPY_PHASE_STRIP = NO;
				DEBUG_INFORMATION_FORMAT = "dwarf-with-dsym";
				ENABLE_NS_ASSERTIONS = NO;
				ENABLE_STRICT_OBJC_MSGSEND = YES;
				GCC_C_LANGUAGE_STANDARD = gnu11;
				GCC_NO_COMMON_BLOCKS = YES;
				GCC_WARN_64_TO_32_BIT_CONVERSION = YES;
				GCC_WARN_ABOUT_RETURN_TYPE = YES_ERROR;
				GCC_WARN_UNDECLARED_SELECTOR = YES;
				GCC_WARN_UNINITIALIZED_AUTOS = YES_AGGRESSIVE;
				GCC_WARN_UNUSED_FUNCTION = YES;
				GCC_WARN_UNUSED_VARIABLE = YES;
				IPHONEOS_DEPLOYMENT_TARGET = 12.1;
				MTL_ENABLE_DEBUG_INFO = NO;
				MTL_FAST_MATH = YES;
				SDKROOT = iphoneos;
				SWIFT_COMPILATION_MODE = wholemodule;
				SWIFT_OPTIMIZATION_LEVEL = "-O";
				VALIDATE_PRODUCT = YES;
			};
			name = Release;
		};
		3F0DA2ED22CD092F006F812A /* Debug */ = {
			isa = XCBuildConfiguration;
			buildSettings = {
				ASSETCATALOG_COMPILER_APPICON_NAME = AppIcon;
				CODE_SIGN_STYLE = Automatic;
				INFOPLIST_FILE = "Double App/Info.plist";
				LD_RUNPATH_SEARCH_PATHS = (
					"$(inherited)",
					"@executable_path/Frameworks",
				);
				PRODUCT_BUNDLE_IDENTIFIER = "test.Double-App";
				PRODUCT_NAME = "$(TARGET_NAME)";
				SWIFT_VERSION = 4.2;
				TARGETED_DEVICE_FAMILY = "1,2";
			};
			name = Debug;
		};
		3F0DA2EE22CD092F006F812A /* Release */ = {
			isa = XCBuildConfiguration;
			buildSettings = {
				ASSETCATALOG_COMPILER_APPICON_NAME = AppIcon;
				CODE_SIGN_STYLE = Automatic;
				INFOPLIST_FILE = "Double App/Info.plist";
				LD_RUNPATH_SEARCH_PATHS = (
					"$(inherited)",
					"@executable_path/Frameworks",
				);
				PRODUCT_BUNDLE_IDENTIFIER = "test.Double-App";
				PRODUCT_NAME = "$(TARGET_NAME)";
				SWIFT_VERSION = 4.2;
				TARGETED_DEVICE_FAMILY = "1,2";
			};
			name = Release;
		};
		3F0DA2F022CD092F006F812A /* Debug */ = {
			isa = XCBuildConfiguration;
			buildSettings = {
				ALWAYS_EMBED_SWIFT_STANDARD_LIBRARIES = YES;
				BUNDLE_LOADER = "$(TEST_HOST)";
				CODE_SIGN_STYLE = Automatic;
				INFOPLIST_FILE = "Double AppTests/Info.plist";
				LD_RUNPATH_SEARCH_PATHS = (
					"$(inherited)",
					"@executable_path/Frameworks",
					"@loader_path/Frameworks",
				);
				PRODUCT_BUNDLE_IDENTIFIER = "test.Double-AppTests";
				PRODUCT_NAME = "$(TARGET_NAME)";
				SWIFT_VERSION = 4.2;
				TARGETED_DEVICE_FAMILY = "1,2";
				TEST_HOST = "$(BUILT_PRODUCTS_DIR)/Double App.app/Double App";
			};
			name = Debug;
		};
		3F0DA2F122CD092F006F812A /* Release */ = {
			isa = XCBuildConfiguration;
			buildSettings = {
				ALWAYS_EMBED_SWIFT_STANDARD_LIBRARIES = YES;
				BUNDLE_LOADER = "$(TEST_HOST)";
				CODE_SIGN_STYLE = Automatic;
				INFOPLIST_FILE = "Double AppTests/Info.plist";
				LD_RUNPATH_SEARCH_PATHS = (
					"$(inherited)",
					"@executable_path/Frameworks",
					"@loader_path/Frameworks",
				);
				PRODUCT_BUNDLE_IDENTIFIER = "test.Double-AppTests";
				PRODUCT_NAME = "$(TARGET_NAME)";
				SWIFT_VERSION = 4.2;
				TARGETED_DEVICE_FAMILY = "1,2";
				TEST_HOST = "$(BUILT_PRODUCTS_DIR)/Double App.app/Double App";
			};
			name = Release;
		};
		3F0DA2F322CD092F006F812A /* Debug */ = {
			isa = XCBuildConfiguration;
			buildSettings = {
				ALWAYS_EMBED_SWIFT_STANDARD_LIBRARIES = YES;
				CODE_SIGN_STYLE = Automatic;
				INFOPLIST_FILE = "Double AppUITests/Info.plist";
				LD_RUNPATH_SEARCH_PATHS = (
					"$(inherited)",
					"@executable_path/Frameworks",
					"@loader_path/Frameworks",
				);
				PRODUCT_BUNDLE_IDENTIFIER = "test.Double-AppUITests";
				PRODUCT_NAME = "$(TARGET_NAME)";
				SWIFT_VERSION = 4.2;
				TARGETED_DEVICE_FAMILY = "1,2";
				TEST_TARGET_NAME = "Double App";
			};
			name = Debug;
		};
		3F0DA2F422CD092F006F812A /* Release */ = {
			isa = XCBuildConfiguration;
			buildSettings = {
				ALWAYS_EMBED_SWIFT_STANDARD_LIBRARIES = YES;
				CODE_SIGN_STYLE = Automatic;
				INFOPLIST_FILE = "Double AppUITests/Info.plist";
				LD_RUNPATH_SEARCH_PATHS = (
					"$(inherited)",
					"@executable_path/Frameworks",
					"@loader_path/Frameworks",
				);
				PRODUCT_BUNDLE_IDENTIFIER = "test.Double-AppUITests";
				PRODUCT_NAME = "$(TARGET_NAME)";
				SWIFT_VERSION = 4.2;
				TARGETED_DEVICE_FAMILY = "1,2";
				TEST_TARGET_NAME = "Double App";
			};
			name = Release;
		};
/* End XCBuildConfiguration section */

/* Begin XCConfigurationList section */
		3F0DA2BD22CD092E006F812A /* Build configuration list for PBXProject "Double App" */ = {
			isa = XCConfigurationList;
			buildConfigurations = (
				3F0DA2EA22CD092F006F812A /* Debug */,
				3F0DA2EB22CD092F006F812A /* Release */,
			);
			defaultConfigurationIsVisible = 0;
			defaultConfigurationName = Release;
		};
		3F0DA2EC22CD092F006F812A /* Build configuration list for PBXNativeTarget "Double App" */ = {
			isa = XCConfigurationList;
			buildConfigurations = (
				3F0DA2ED22CD092F006F812A /* Debug */,
				3F0DA2EE22CD092F006F812A /* Release */,
			);
			defaultConfigurationIsVisible = 0;
			defaultConfigurationName = Release;
		};
		3F0DA2EF22CD092F006F812A /* Build configuration list for PBXNativeTarget "Double AppTests" */ = {
			isa = XCConfigurationList;
			buildConfigurations = (
				3F0DA2F022CD092F006F812A /* Debug */,
				3F0DA2F122CD092F006F812A /* Release */,
			);
			defaultConfigurationIsVisible = 0;
			defaultConfigurationName = Release;
		};
		3F0DA2F222CD092F006F812A /* Build configuration list for PBXNativeTarget "Double AppUITests" */ = {
			isa = XCConfigurationList;
			buildConfigurations = (
				3F0DA2F322CD092F006F812A /* Debug */,
				3F0DA2F422CD092F006F812A /* Release */,
			);
			defaultConfigurationIsVisible = 0;
			defaultConfigurationName = Release;
		};
/* End XCConfigurationList section */
	};
	rootObject = 3F0DA2BA22CD092E006F812A /* Project object */;
}
