// !$*UTF8*$!
{
	archiveVersion = 1;
	classes = {
	};
	objectVersion = 50;
	objects = {

/* Begin PBXBuildFile section */
		3F2E21C222CBCA8C0020B9EE /* AppDelegate.swift in Sources */ = {isa = PBXBuildFile; fileRef = 3F2E21C122CBCA8C0020B9EE /* AppDelegate.swift */; };
		3F2E21C422CBCA8C0020B9EE /* FirstViewController.swift in Sources */ = {isa = PBXBuildFile; fileRef = 3F2E21C322CBCA8C0020B9EE /* FirstViewController.swift */; };
		3F2E21C622CBCA8C0020B9EE /* SecondViewController.swift in Sources */ = {isa = PBXBuildFile; fileRef = 3F2E21C522CBCA8C0020B9EE /* SecondViewController.swift */; };
		3F2E21C922CBCA8C0020B9EE /* Main.storyboard in Resources */ = {isa = PBXBuildFile; fileRef = 3F2E21C722CBCA8C0020B9EE /* Main.storyboard */; };
		3F2E21CB22CBCA8D0020B9EE /* Assets.xcassets in Resources */ = {isa = PBXBuildFile; fileRef = 3F2E21CA22CBCA8D0020B9EE /* Assets.xcassets */; };
		3F2E21CE22CBCA8D0020B9EE /* LaunchScreen.storyboard in Resources */ = {isa = PBXBuildFile; fileRef = 3F2E21CC22CBCA8D0020B9EE /* LaunchScreen.storyboard */; };
		3F2E21D922CBCA8D0020B9EE /* To_Do_ListTests.swift in Sources */ = {isa = PBXBuildFile; fileRef = 3F2E21D822CBCA8D0020B9EE /* To_Do_ListTests.swift */; };
		3F2E21E422CBCA8D0020B9EE /* To_Do_ListUITests.swift in Sources */ = {isa = PBXBuildFile; fileRef = 3F2E21E322CBCA8D0020B9EE /* To_Do_ListUITests.swift */; };
/* End PBXBuildFile section */

/* Begin PBXContainerItemProxy section */
		3F2E21D522CBCA8D0020B9EE /* PBXContainerItemProxy */ = {
			isa = PBXContainerItemProxy;
			containerPortal = 3F2E21B622CBCA8C0020B9EE /* Project object */;
			proxyType = 1;
			remoteGlobalIDString = 3F2E21BD22CBCA8C0020B9EE;
			remoteInfo = "To Do List";
		};
		3F2E21E022CBCA8D0020B9EE /* PBXContainerItemProxy */ = {
			isa = PBXContainerItemProxy;
			containerPortal = 3F2E21B622CBCA8C0020B9EE /* Project object */;
			proxyType = 1;
			remoteGlobalIDString = 3F2E21BD22CBCA8C0020B9EE;
			remoteInfo = "To Do List";
		};
/* End PBXContainerItemProxy section */

/* Begin PBXFileReference section */
		3F2E21BE22CBCA8C0020B9EE /* To Do List.app */ = {isa = PBXFileReference; explicitFileType = wrapper.application; includeInIndex = 0; path = "To Do List.app"; sourceTree = BUILT_PRODUCTS_DIR; };
		3F2E21C122CBCA8C0020B9EE /* AppDelegate.swift */ = {isa = PBXFileReference; lastKnownFileType = sourcecode.swift; path = AppDelegate.swift; sourceTree = "<group>"; };
		3F2E21C322CBCA8C0020B9EE /* FirstViewController.swift */ = {isa = PBXFileReference; lastKnownFileType = sourcecode.swift; path = FirstViewController.swift; sourceTree = "<group>"; };
		3F2E21C522CBCA8C0020B9EE /* SecondViewController.swift */ = {isa = PBXFileReference; lastKnownFileType = sourcecode.swift; path = SecondViewController.swift; sourceTree = "<group>"; };
		3F2E21C822CBCA8C0020B9EE /* Base */ = {isa = PBXFileReference; lastKnownFileType = file.storyboard; name = Base; path = Base.lproj/Main.storyboard; sourceTree = "<group>"; };
		3F2E21CA22CBCA8D0020B9EE /* Assets.xcassets */ = {isa = PBXFileReference; lastKnownFileType = folder.assetcatalog; path = Assets.xcassets; sourceTree = "<group>"; };
		3F2E21CD22CBCA8D0020B9EE /* Base */ = {isa = PBXFileReference; lastKnownFileType = file.storyboard; name = Base; path = Base.lproj/LaunchScreen.storyboard; sourceTree = "<group>"; };
		3F2E21CF22CBCA8D0020B9EE /* Info.plist */ = {isa = PBXFileReference; lastKnownFileType = text.plist.xml; path = Info.plist; sourceTree = "<group>"; };
		3F2E21D422CBCA8D0020B9EE /* To Do ListTests.xctest */ = {isa = PBXFileReference; explicitFileType = wrapper.cfbundle; includeInIndex = 0; path = "To Do ListTests.xctest"; sourceTree = BUILT_PRODUCTS_DIR; };
		3F2E21D822CBCA8D0020B9EE /* To_Do_ListTests.swift */ = {isa = PBXFileReference; lastKnownFileType = sourcecode.swift; path = To_Do_ListTests.swift; sourceTree = "<group>"; };
		3F2E21DA22CBCA8D0020B9EE /* Info.plist */ = {isa = PBXFileReference; lastKnownFileType = text.plist.xml; path = Info.plist; sourceTree = "<group>"; };
		3F2E21DF22CBCA8D0020B9EE /* To Do ListUITests.xctest */ = {isa = PBXFileReference; explicitFileType = wrapper.cfbundle; includeInIndex = 0; path = "To Do ListUITests.xctest"; sourceTree = BUILT_PRODUCTS_DIR; };
		3F2E21E322CBCA8D0020B9EE /* To_Do_ListUITests.swift */ = {isa = PBXFileReference; lastKnownFileType = sourcecode.swift; path = To_Do_ListUITests.swift; sourceTree = "<group>"; };
		3F2E21E522CBCA8D0020B9EE /* Info.plist */ = {isa = PBXFileReference; lastKnownFileType = text.plist.xml; path = Info.plist; sourceTree = "<group>"; };
/* End PBXFileReference section */

/* Begin PBXFrameworksBuildPhase section */
		3F2E21BB22CBCA8C0020B9EE /* Frameworks */ = {
			isa = PBXFrameworksBuildPhase;
			buildActionMask = 2147483647;
			files = (
			);
			runOnlyForDeploymentPostprocessing = 0;
		};
		3F2E21D122CBCA8D0020B9EE /* Frameworks */ = {
			isa = PBXFrameworksBuildPhase;
			buildActionMask = 2147483647;
			files = (
			);
			runOnlyForDeploymentPostprocessing = 0;
		};
		3F2E21DC22CBCA8D0020B9EE /* Frameworks */ = {
			isa = PBXFrameworksBuildPhase;
			buildActionMask = 2147483647;
			files = (
			);
			runOnlyForDeploymentPostprocessing = 0;
		};
/* End PBXFrameworksBuildPhase section */

/* Begin PBXGroup section */
		3F2E21B522CBCA8C0020B9EE = {
			isa = PBXGroup;
			children = (
				3F2E21C022CBCA8C0020B9EE /* To Do List */,
				3F2E21D722CBCA8D0020B9EE /* To Do ListTests */,
				3F2E21E222CBCA8D0020B9EE /* To Do ListUITests */,
				3F2E21BF22CBCA8C0020B9EE /* Products */,
			);
			sourceTree = "<group>";
		};
		3F2E21BF22CBCA8C0020B9EE /* Products */ = {
			isa = PBXGroup;
			children = (
				3F2E21BE22CBCA8C0020B9EE /* To Do List.app */,
				3F2E21D422CBCA8D0020B9EE /* To Do ListTests.xctest */,
				3F2E21DF22CBCA8D0020B9EE /* To Do ListUITests.xctest */,
			);
			name = Products;
			sourceTree = "<group>";
		};
		3F2E21C022CBCA8C0020B9EE /* To Do List */ = {
			isa = PBXGroup;
			children = (
				3F2E21C122CBCA8C0020B9EE /* AppDelegate.swift */,
				3F2E21C322CBCA8C0020B9EE /* FirstViewController.swift */,
				3F2E21C522CBCA8C0020B9EE /* SecondViewController.swift */,
				3F2E21C722CBCA8C0020B9EE /* Main.storyboard */,
				3F2E21CA22CBCA8D0020B9EE /* Assets.xcassets */,
				3F2E21CC22CBCA8D0020B9EE /* LaunchScreen.storyboard */,
				3F2E21CF22CBCA8D0020B9EE /* Info.plist */,
			);
			path = "To Do List";
			sourceTree = "<group>";
		};
		3F2E21D722CBCA8D0020B9EE /* To Do ListTests */ = {
			isa = PBXGroup;
			children = (
				3F2E21D822CBCA8D0020B9EE /* To_Do_ListTests.swift */,
				3F2E21DA22CBCA8D0020B9EE /* Info.plist */,
			);
			path = "To Do ListTests";
			sourceTree = "<group>";
		};
		3F2E21E222CBCA8D0020B9EE /* To Do ListUITests */ = {
			isa = PBXGroup;
			children = (
				3F2E21E322CBCA8D0020B9EE /* To_Do_ListUITests.swift */,
				3F2E21E522CBCA8D0020B9EE /* Info.plist */,
			);
			path = "To Do ListUITests";
			sourceTree = "<group>";
		};
/* End PBXGroup section */

/* Begin PBXNativeTarget section */
		3F2E21BD22CBCA8C0020B9EE /* To Do List */ = {
			isa = PBXNativeTarget;
			buildConfigurationList = 3F2E21E822CBCA8D0020B9EE /* Build configuration list for PBXNativeTarget "To Do List" */;
			buildPhases = (
				3F2E21BA22CBCA8C0020B9EE /* Sources */,
				3F2E21BB22CBCA8C0020B9EE /* Frameworks */,
				3F2E21BC22CBCA8C0020B9EE /* Resources */,
			);
			buildRules = (
			);
			dependencies = (
			);
			name = "To Do List";
			productName = "To Do List";
			productReference = 3F2E21BE22CBCA8C0020B9EE /* To Do List.app */;
			productType = "com.apple.product-type.application";
		};
		3F2E21D322CBCA8D0020B9EE /* To Do ListTests */ = {
			isa = PBXNativeTarget;
			buildConfigurationList = 3F2E21EB22CBCA8D0020B9EE /* Build configuration list for PBXNativeTarget "To Do ListTests" */;
			buildPhases = (
				3F2E21D022CBCA8D0020B9EE /* Sources */,
				3F2E21D122CBCA8D0020B9EE /* Frameworks */,
				3F2E21D222CBCA8D0020B9EE /* Resources */,
			);
			buildRules = (
			);
			dependencies = (
				3F2E21D622CBCA8D0020B9EE /* PBXTargetDependency */,
			);
			name = "To Do ListTests";
			productName = "To Do ListTests";
			productReference = 3F2E21D422CBCA8D0020B9EE /* To Do ListTests.xctest */;
			productType = "com.apple.product-type.bundle.unit-test";
		};
		3F2E21DE22CBCA8D0020B9EE /* To Do ListUITests */ = {
			isa = PBXNativeTarget;
			buildConfigurationList = 3F2E21EE22CBCA8D0020B9EE /* Build configuration list for PBXNativeTarget "To Do ListUITests" */;
			buildPhases = (
				3F2E21DB22CBCA8D0020B9EE /* Sources */,
				3F2E21DC22CBCA8D0020B9EE /* Frameworks */,
				3F2E21DD22CBCA8D0020B9EE /* Resources */,
			);
			buildRules = (
			);
			dependencies = (
				3F2E21E122CBCA8D0020B9EE /* PBXTargetDependency */,
			);
			name = "To Do ListUITests";
			productName = "To Do ListUITests";
			productReference = 3F2E21DF22CBCA8D0020B9EE /* To Do ListUITests.xctest */;
			productType = "com.apple.product-type.bundle.ui-testing";
		};
/* End PBXNativeTarget section */

/* Begin PBXProject section */
		3F2E21B622CBCA8C0020B9EE /* Project object */ = {
			isa = PBXProject;
			attributes = {
				LastSwiftUpdateCheck = 1010;
				LastUpgradeCheck = 1010;
				ORGANIZATIONNAME = student;
				TargetAttributes = {
					3F2E21BD22CBCA8C0020B9EE = {
						CreatedOnToolsVersion = 10.1;
					};
					3F2E21D322CBCA8D0020B9EE = {
						CreatedOnToolsVersion = 10.1;
						TestTargetID = 3F2E21BD22CBCA8C0020B9EE;
					};
					3F2E21DE22CBCA8D0020B9EE = {
						CreatedOnToolsVersion = 10.1;
						TestTargetID = 3F2E21BD22CBCA8C0020B9EE;
					};
				};
			};
			buildConfigurationList = 3F2E21B922CBCA8C0020B9EE /* Build configuration list for PBXProject "To Do List" */;
			compatibilityVersion = "Xcode 9.3";
			developmentRegion = en;
			hasScannedForEncodings = 0;
			knownRegions = (
				en,
				Base,
			);
			mainGroup = 3F2E21B522CBCA8C0020B9EE;
			productRefGroup = 3F2E21BF22CBCA8C0020B9EE /* Products */;
			projectDirPath = "";
			projectRoot = "";
			targets = (
				3F2E21BD22CBCA8C0020B9EE /* To Do List */,
				3F2E21D322CBCA8D0020B9EE /* To Do ListTests */,
				3F2E21DE22CBCA8D0020B9EE /* To Do ListUITests */,
			);
		};
/* End PBXProject section */

/* Begin PBXResourcesBuildPhase section */
		3F2E21BC22CBCA8C0020B9EE /* Resources */ = {
			isa = PBXResourcesBuildPhase;
			buildActionMask = 2147483647;
			files = (
				3F2E21CE22CBCA8D0020B9EE /* LaunchScreen.storyboard in Resources */,
				3F2E21CB22CBCA8D0020B9EE /* Assets.xcassets in Resources */,
				3F2E21C922CBCA8C0020B9EE /* Main.storyboard in Resources */,
			);
			runOnlyForDeploymentPostprocessing = 0;
		};
		3F2E21D222CBCA8D0020B9EE /* Resources */ = {
			isa = PBXResourcesBuildPhase;
			buildActionMask = 2147483647;
			files = (
			);
			runOnlyForDeploymentPostprocessing = 0;
		};
		3F2E21DD22CBCA8D0020B9EE /* Resources */ = {
			isa = PBXResourcesBuildPhase;
			buildActionMask = 2147483647;
			files = (
			);
			runOnlyForDeploymentPostprocessing = 0;
		};
/* End PBXResourcesBuildPhase section */

/* Begin PBXSourcesBuildPhase section */
		3F2E21BA22CBCA8C0020B9EE /* Sources */ = {
			isa = PBXSourcesBuildPhase;
			buildActionMask = 2147483647;
			files = (
				3F2E21C622CBCA8C0020B9EE /* SecondViewController.swift in Sources */,
				3F2E21C222CBCA8C0020B9EE /* AppDelegate.swift in Sources */,
				3F2E21C422CBCA8C0020B9EE /* FirstViewController.swift in Sources */,
			);
			runOnlyForDeploymentPostprocessing = 0;
		};
		3F2E21D022CBCA8D0020B9EE /* Sources */ = {
			isa = PBXSourcesBuildPhase;
			buildActionMask = 2147483647;
			files = (
				3F2E21D922CBCA8D0020B9EE /* To_Do_ListTests.swift in Sources */,
			);
			runOnlyForDeploymentPostprocessing = 0;
		};
		3F2E21DB22CBCA8D0020B9EE /* Sources */ = {
			isa = PBXSourcesBuildPhase;
			buildActionMask = 2147483647;
			files = (
				3F2E21E422CBCA8D0020B9EE /* To_Do_ListUITests.swift in Sources */,
			);
			runOnlyForDeploymentPostprocessing = 0;
		};
/* End PBXSourcesBuildPhase section */

/* Begin PBXTargetDependency section */
		3F2E21D622CBCA8D0020B9EE /* PBXTargetDependency */ = {
			isa = PBXTargetDependency;
			target = 3F2E21BD22CBCA8C0020B9EE /* To Do List */;
			targetProxy = 3F2E21D522CBCA8D0020B9EE /* PBXContainerItemProxy */;
		};
		3F2E21E122CBCA8D0020B9EE /* PBXTargetDependency */ = {
			isa = PBXTargetDependency;
			target = 3F2E21BD22CBCA8C0020B9EE /* To Do List */;
			targetProxy = 3F2E21E022CBCA8D0020B9EE /* PBXContainerItemProxy */;
		};
/* End PBXTargetDependency section */

/* Begin PBXVariantGroup section */
		3F2E21C722CBCA8C0020B9EE /* Main.storyboard */ = {
			isa = PBXVariantGroup;
			children = (
				3F2E21C822CBCA8C0020B9EE /* Base */,
			);
			name = Main.storyboard;
			sourceTree = "<group>";
		};
		3F2E21CC22CBCA8D0020B9EE /* LaunchScreen.storyboard */ = {
			isa = PBXVariantGroup;
			children = (
				3F2E21CD22CBCA8D0020B9EE /* Base */,
			);
			name = LaunchScreen.storyboard;
			sourceTree = "<group>";
		};
/* End PBXVariantGroup section */

/* Begin XCBuildConfiguration section */
		3F2E21E622CBCA8D0020B9EE /* Debug */ = {
			isa = XCBuildConfiguration;
			buildSettings = {
				ALWAYS_SEARCH_USER_PATHS = NO;
				CLANG_ANALYZER_NONNULL = YES;
				CLANG_ANALYZER_NUMBER_OBJECT_CONVERSION = YES_AGGRESSIVE;
				CLANG_CXX_LANGUAGE_STANDARD = "gnu++14";
				CLANG_CXX_LIBRARY = "libc++";
				CLANG_ENABLE_MODULES = YES;
				CLANG_ENABLE_OBJC_ARC = YES;
				CLANG_ENABLE_OBJC_WEAK = YES;
				CLANG_WARN_BLOCK_CAPTURE_AUTORELEASING = YES;
				CLANG_WARN_BOOL_CONVERSION = YES;
				CLANG_WARN_COMMA = YES;
				CLANG_WARN_CONSTANT_CONVERSION = YES;
				CLANG_WARN_DEPRECATED_OBJC_IMPLEMENTATIONS = YES;
				CLANG_WARN_DIRECT_OBJC_ISA_USAGE = YES_ERROR;
				CLANG_WARN_DOCUMENTATION_COMMENTS = YES;
				CLANG_WARN_EMPTY_BODY = YES;
				CLANG_WARN_ENUM_CONVERSION = YES;
				CLANG_WARN_INFINITE_RECURSION = YES;
				CLANG_WARN_INT_CONVERSION = YES;
				CLANG_WARN_NON_LITERAL_NULL_CONVERSION = YES;
				CLANG_WARN_OBJC_IMPLICIT_RETAIN_SELF = YES;
				CLANG_WARN_OBJC_LITERAL_CONVERSION = YES;
				CLANG_WARN_OBJC_ROOT_CLASS = YES_ERROR;
				CLANG_WARN_RANGE_LOOP_ANALYSIS = YES;
				CLANG_WARN_STRICT_PROTOTYPES = YES;
				CLANG_WARN_SUSPICIOUS_MOVE = YES;
				CLANG_WARN_UNGUARDED_AVAILABILITY = YES_AGGRESSIVE;
				CLANG_WARN_UNREACHABLE_CODE = YES;
				CLANG_WARN__DUPLICATE_METHOD_MATCH = YES;
				CODE_SIGN_IDENTITY = "iPhone Developer";
				COPY_PHASE_STRIP = NO;
				DEBUG_INFORMATION_FORMAT = dwarf;
				ENABLE_STRICT_OBJC_MSGSEND = YES;
				ENABLE_TESTABILITY = YES;
				GCC_C_LANGUAGE_STANDARD = gnu11;
				GCC_DYNAMIC_NO_PIC = NO;
				GCC_NO_COMMON_BLOCKS = YES;
				GCC_OPTIMIZATION_LEVEL = 0;
				GCC_PREPROCESSOR_DEFINITIONS = (
					"DEBUG=1",
					"$(inherited)",
				);
				GCC_WARN_64_TO_32_BIT_CONVERSION = YES;
				GCC_WARN_ABOUT_RETURN_TYPE = YES_ERROR;
				GCC_WARN_UNDECLARED_SELECTOR = YES;
				GCC_WARN_UNINITIALIZED_AUTOS = YES_AGGRESSIVE;
				GCC_WARN_UNUSED_FUNCTION = YES;
				GCC_WARN_UNUSED_VARIABLE = YES;
				IPHONEOS_DEPLOYMENT_TARGET = 12.1;
				MTL_ENABLE_DEBUG_INFO = INCLUDE_SOURCE;
				MTL_FAST_MATH = YES;
				ONLY_ACTIVE_ARCH = YES;
				SDKROOT = iphoneos;
				SWIFT_ACTIVE_COMPILATION_CONDITIONS = DEBUG;
				SWIFT_OPTIMIZATION_LEVEL = "-Onone";
			};
			name = Debug;
		};
		3F2E21E722CBCA8D0020B9EE /* Release */ = {
			isa = XCBuildConfiguration;
			buildSettings = {
				ALWAYS_SEARCH_USER_PATHS = NO;
				CLANG_ANALYZER_NONNULL = YES;
				CLANG_ANALYZER_NUMBER_OBJECT_CONVERSION = YES_AGGRESSIVE;
				CLANG_CXX_LANGUAGE_STANDARD = "gnu++14";
				CLANG_CXX_LIBRARY = "libc++";
				CLANG_ENABLE_MODULES = YES;
				CLANG_ENABLE_OBJC_ARC = YES;
				CLANG_ENABLE_OBJC_WEAK = YES;
				CLANG_WARN_BLOCK_CAPTURE_AUTORELEASING = YES;
				CLANG_WARN_BOOL_CONVERSION = YES;
				CLANG_WARN_COMMA = YES;
				CLANG_WARN_CONSTANT_CONVERSION = YES;
				CLANG_WARN_DEPRECATED_OBJC_IMPLEMENTATIONS = YES;
				CLANG_WARN_DIRECT_OBJC_ISA_USAGE = YES_ERROR;
				CLANG_WARN_DOCUMENTATION_COMMENTS = YES;
				CLANG_WARN_EMPTY_BODY = YES;
				CLANG_WARN_ENUM_CONVERSION = YES;
				CLANG_WARN_INFINITE_RECURSION = YES;
				CLANG_WARN_INT_CONVERSION = YES;
				CLANG_WARN_NON_LITERAL_NULL_CONVERSION = YES;
				CLANG_WARN_OBJC_IMPLICIT_RETAIN_SELF = YES;
				CLANG_WARN_OBJC_LITERAL_CONVERSION = YES;
				CLANG_WARN_OBJC_ROOT_CLASS = YES_ERROR;
				CLANG_WARN_RANGE_LOOP_ANALYSIS = YES;
				CLANG_WARN_STRICT_PROTOTYPES = YES;
				CLANG_WARN_SUSPICIOUS_MOVE = YES;
				CLANG_WARN_UNGUARDED_AVAILABILITY = YES_AGGRESSIVE;
				CLANG_WARN_UNREACHABLE_CODE = YES;
				CLANG_WARN__DUPLICATE_METHOD_MATCH = YES;
				CODE_SIGN_IDENTITY = "iPhone Developer";
				COPY_PHASE_STRIP = NO;
				DEBUG_INFORMATION_FORMAT = "dwarf-with-dsym";
				ENABLE_NS_ASSERTIONS = NO;
				ENABLE_STRICT_OBJC_MSGSEND = YES;
				GCC_C_LANGUAGE_STANDARD = gnu11;
				GCC_NO_COMMON_BLOCKS = YES;
				GCC_WARN_64_TO_32_BIT_CONVERSION = YES;
				GCC_WARN_ABOUT_RETURN_TYPE = YES_ERROR;
				GCC_WARN_UNDECLARED_SELECTOR = YES;
				GCC_WARN_UNINITIALIZED_AUTOS = YES_AGGRESSIVE;
				GCC_WARN_UNUSED_FUNCTION = YES;
				GCC_WARN_UNUSED_VARIABLE = YES;
				IPHONEOS_DEPLOYMENT_TARGET = 12.1;
				MTL_ENABLE_DEBUG_INFO = NO;
				MTL_FAST_MATH = YES;
				SDKROOT = iphoneos;
				SWIFT_COMPILATION_MODE = wholemodule;
				SWIFT_OPTIMIZATION_LEVEL = "-O";
				VALIDATE_PRODUCT = YES;
			};
			name = Release;
		};
		3F2E21E922CBCA8D0020B9EE /* Debug */ = {
			isa = XCBuildConfiguration;
			buildSettings = {
				ASSETCATALOG_COMPILER_APPICON_NAME = AppIcon;
				CODE_SIGN_STYLE = Automatic;
				INFOPLIST_FILE = "To Do List/Info.plist";
				LD_RUNPATH_SEARCH_PATHS = (
					"$(inherited)",
					"@executable_path/Frameworks",
				);
				PRODUCT_BUNDLE_IDENTIFIER = "test.To-Do-List";
				PRODUCT_NAME = "$(TARGET_NAME)";
				SWIFT_VERSION = 4.2;
				TARGETED_DEVICE_FAMILY = "1,2";
			};
			name = Debug;
		};
		3F2E21EA22CBCA8D0020B9EE /* Release */ = {
			isa = XCBuildConfiguration;
			buildSettings = {
				ASSETCATALOG_COMPILER_APPICON_NAME = AppIcon;
				CODE_SIGN_STYLE = Automatic;
				INFOPLIST_FILE = "To Do List/Info.plist";
				LD_RUNPATH_SEARCH_PATHS = (
					"$(inherited)",
					"@executable_path/Frameworks",
				);
				PRODUCT_BUNDLE_IDENTIFIER = "test.To-Do-List";
				PRODUCT_NAME = "$(TARGET_NAME)";
				SWIFT_VERSION = 4.2;
				TARGETED_DEVICE_FAMILY = "1,2";
			};
			name = Release;
		};
		3F2E21EC22CBCA8D0020B9EE /* Debug */ = {
			isa = XCBuildConfiguration;
			buildSettings = {
				ALWAYS_EMBED_SWIFT_STANDARD_LIBRARIES = YES;
				BUNDLE_LOADER = "$(TEST_HOST)";
				CODE_SIGN_STYLE = Automatic;
				INFOPLIST_FILE = "To Do ListTests/Info.plist";
				LD_RUNPATH_SEARCH_PATHS = (
					"$(inherited)",
					"@executable_path/Frameworks",
					"@loader_path/Frameworks",
				);
				PRODUCT_BUNDLE_IDENTIFIER = "test.To-Do-ListTests";
				PRODUCT_NAME = "$(TARGET_NAME)";
				SWIFT_VERSION = 4.2;
				TARGETED_DEVICE_FAMILY = "1,2";
				TEST_HOST = "$(BUILT_PRODUCTS_DIR)/To Do List.app/To Do List";
			};
			name = Debug;
		};
		3F2E21ED22CBCA8D0020B9EE /* Release */ = {
			isa = XCBuildConfiguration;
			buildSettings = {
				ALWAYS_EMBED_SWIFT_STANDARD_LIBRARIES = YES;
				BUNDLE_LOADER = "$(TEST_HOST)";
				CODE_SIGN_STYLE = Automatic;
				INFOPLIST_FILE = "To Do ListTests/Info.plist";
				LD_RUNPATH_SEARCH_PATHS = (
					"$(inherited)",
					"@executable_path/Frameworks",
					"@loader_path/Frameworks",
				);
				PRODUCT_BUNDLE_IDENTIFIER = "test.To-Do-ListTests";
				PRODUCT_NAME = "$(TARGET_NAME)";
				SWIFT_VERSION = 4.2;
				TARGETED_DEVICE_FAMILY = "1,2";
				TEST_HOST = "$(BUILT_PRODUCTS_DIR)/To Do List.app/To Do List";
			};
			name = Release;
		};
		3F2E21EF22CBCA8D0020B9EE /* Debug */ = {
			isa = XCBuildConfiguration;
			buildSettings = {
				ALWAYS_EMBED_SWIFT_STANDARD_LIBRARIES = YES;
				CODE_SIGN_STYLE = Automatic;
				INFOPLIST_FILE = "To Do ListUITests/Info.plist";
				LD_RUNPATH_SEARCH_PATHS = (
					"$(inherited)",
					"@executable_path/Frameworks",
					"@loader_path/Frameworks",
				);
				PRODUCT_BUNDLE_IDENTIFIER = "test.To-Do-ListUITests";
				PRODUCT_NAME = "$(TARGET_NAME)";
				SWIFT_VERSION = 4.2;
				TARGETED_DEVICE_FAMILY = "1,2";
				TEST_TARGET_NAME = "To Do List";
			};
			name = Debug;
		};
		3F2E21F022CBCA8D0020B9EE /* Release */ = {
			isa = XCBuildConfiguration;
			buildSettings = {
				ALWAYS_EMBED_SWIFT_STANDARD_LIBRARIES = YES;
				CODE_SIGN_STYLE = Automatic;
				INFOPLIST_FILE = "To Do ListUITests/Info.plist";
				LD_RUNPATH_SEARCH_PATHS = (
					"$(inherited)",
					"@executable_path/Frameworks",
					"@loader_path/Frameworks",
				);
				PRODUCT_BUNDLE_IDENTIFIER = "test.To-Do-ListUITests";
				PRODUCT_NAME = "$(TARGET_NAME)";
				SWIFT_VERSION = 4.2;
				TARGETED_DEVICE_FAMILY = "1,2";
				TEST_TARGET_NAME = "To Do List";
			};
			name = Release;
		};
/* End XCBuildConfiguration section */

/* Begin XCConfigurationList section */
		3F2E21B922CBCA8C0020B9EE /* Build configuration list for PBXProject "To Do List" */ = {
			isa = XCConfigurationList;
			buildConfigurations = (
				3F2E21E622CBCA8D0020B9EE /* Debug */,
				3F2E21E722CBCA8D0020B9EE /* Release */,
			);
			defaultConfigurationIsVisible = 0;
			defaultConfigurationName = Release;
		};
		3F2E21E822CBCA8D0020B9EE /* Build configuration list for PBXNativeTarget "To Do List" */ = {
			isa = XCConfigurationList;
			buildConfigurations = (
				3F2E21E922CBCA8D0020B9EE /* Debug */,
				3F2E21EA22CBCA8D0020B9EE /* Release */,
			);
			defaultConfigurationIsVisible = 0;
			defaultConfigurationName = Release;
		};
		3F2E21EB22CBCA8D0020B9EE /* Build configuration list for PBXNativeTarget "To Do ListTests" */ = {
			isa = XCConfigurationList;
			buildConfigurations = (
				3F2E21EC22CBCA8D0020B9EE /* Debug */,
				3F2E21ED22CBCA8D0020B9EE /* Release */,
			);
			defaultConfigurationIsVisible = 0;
			defaultConfigurationName = Release;
		};
		3F2E21EE22CBCA8D0020B9EE /* Build configuration list for PBXNativeTarget "To Do ListUITests" */ = {
			isa = XCConfigurationList;
			buildConfigurations = (
				3F2E21EF22CBCA8D0020B9EE /* Debug */,
				3F2E21F022CBCA8D0020B9EE /* Release */,
			);
			defaultConfigurationIsVisible = 0;
			defaultConfigurationName = Release;
		};
/* End XCConfigurationList section */
	};
	rootObject = 3F2E21B622CBCA8C0020B9EE /* Project object */;
}
