// !$*UTF8*$!
{
	archiveVersion = 1;
	classes = {
	};
	objectVersion = 50;
	objects = {

/* Begin PBXBuildFile section */
		3FEBCDB722CA670400A74A89 /* AppDelegate.swift in Sources */ = {isa = PBXBuildFile; fileRef = 3FEBCDB622CA670400A74A89 /* AppDelegate.swift */; };
		3FEBCDB922CA670400A74A89 /* ViewController.swift in Sources */ = {isa = PBXBuildFile; fileRef = 3FEBCDB822CA670400A74A89 /* ViewController.swift */; };
		3FEBCDBC22CA670400A74A89 /* Main.storyboard in Resources */ = {isa = PBXBuildFile; fileRef = 3FEBCDBA22CA670400A74A89 /* Main.storyboard */; };
		3FEBCDBE22CA670400A74A89 /* Assets.xcassets in Resources */ = {isa = PBXBuildFile; fileRef = 3FEBCDBD22CA670400A74A89 /* Assets.xcassets */; };
		3FEBCDC122CA670400A74A89 /* LaunchScreen.storyboard in Resources */ = {isa = PBXBuildFile; fileRef = 3FEBCDBF22CA670400A74A89 /* LaunchScreen.storyboard */; };
		3FEBCDCC22CA670400A74A89 /* Egg_TimerTests.swift in Sources */ = {isa = PBXBuildFile; fileRef = 3FEBCDCB22CA670400A74A89 /* Egg_TimerTests.swift */; };
		3FEBCDD722CA670400A74A89 /* Egg_TimerUITests.swift in Sources */ = {isa = PBXBuildFile; fileRef = 3FEBCDD622CA670400A74A89 /* Egg_TimerUITests.swift */; };
/* End PBXBuildFile section */

/* Begin PBXContainerItemProxy section */
		3FEBCDC822CA670400A74A89 /* PBXContainerItemProxy */ = {
			isa = PBXContainerItemProxy;
			containerPortal = 3FEBCDAB22CA670400A74A89 /* Project object */;
			proxyType = 1;
			remoteGlobalIDString = 3FEBCDB222CA670400A74A89;
			remoteInfo = "Egg Timer";
		};
		3FEBCDD322CA670400A74A89 /* PBXContainerItemProxy */ = {
			isa = PBXContainerItemProxy;
			containerPortal = 3FEBCDAB22CA670400A74A89 /* Project object */;
			proxyType = 1;
			remoteGlobalIDString = 3FEBCDB222CA670400A74A89;
			remoteInfo = "Egg Timer";
		};
/* End PBXContainerItemProxy section */

/* Begin PBXFileReference section */
		3FEBCDB322CA670400A74A89 /* Egg Timer.app */ = {isa = PBXFileReference; explicitFileType = wrapper.application; includeInIndex = 0; path = "Egg Timer.app"; sourceTree = BUILT_PRODUCTS_DIR; };
		3FEBCDB622CA670400A74A89 /* AppDelegate.swift */ = {isa = PBXFileReference; lastKnownFileType = sourcecode.swift; path = AppDelegate.swift; sourceTree = "<group>"; };
		3FEBCDB822CA670400A74A89 /* ViewController.swift */ = {isa = PBXFileReference; lastKnownFileType = sourcecode.swift; path = ViewController.swift; sourceTree = "<group>"; };
		3FEBCDBB22CA670400A74A89 /* Base */ = {isa = PBXFileReference; lastKnownFileType = file.storyboard; name = Base; path = Base.lproj/Main.storyboard; sourceTree = "<group>"; };
		3FEBCDBD22CA670400A74A89 /* Assets.xcassets */ = {isa = PBXFileReference; lastKnownFileType = folder.assetcatalog; path = Assets.xcassets; sourceTree = "<group>"; };
		3FEBCDC022CA670400A74A89 /* Base */ = {isa = PBXFileReference; lastKnownFileType = file.storyboard; name = Base; path = Base.lproj/LaunchScreen.storyboard; sourceTree = "<group>"; };
		3FEBCDC222CA670400A74A89 /* Info.plist */ = {isa = PBXFileReference; lastKnownFileType = text.plist.xml; path = Info.plist; sourceTree = "<group>"; };
		3FEBCDC722CA670400A74A89 /* Egg TimerTests.xctest */ = {isa = PBXFileReference; explicitFileType = wrapper.cfbundle; includeInIndex = 0; path = "Egg TimerTests.xctest"; sourceTree = BUILT_PRODUCTS_DIR; };
		3FEBCDCB22CA670400A74A89 /* Egg_TimerTests.swift */ = {isa = PBXFileReference; lastKnownFileType = sourcecode.swift; path = Egg_TimerTests.swift; sourceTree = "<group>"; };
		3FEBCDCD22CA670400A74A89 /* Info.plist */ = {isa = PBXFileReference; lastKnownFileType = text.plist.xml; path = Info.plist; sourceTree = "<group>"; };
		3FEBCDD222CA670400A74A89 /* Egg TimerUITests.xctest */ = {isa = PBXFileReference; explicitFileType = wrapper.cfbundle; includeInIndex = 0; path = "Egg TimerUITests.xctest"; sourceTree = BUILT_PRODUCTS_DIR; };
		3FEBCDD622CA670400A74A89 /* Egg_TimerUITests.swift */ = {isa = PBXFileReference; lastKnownFileType = sourcecode.swift; path = Egg_TimerUITests.swift; sourceTree = "<group>"; };
		3FEBCDD822CA670400A74A89 /* Info.plist */ = {isa = PBXFileReference; lastKnownFileType = text.plist.xml; path = Info.plist; sourceTree = "<group>"; };
/* End PBXFileReference section */

/* Begin PBXFrameworksBuildPhase section */
		3FEBCDB022CA670400A74A89 /* Frameworks */ = {
			isa = PBXFrameworksBuildPhase;
			buildActionMask = 2147483647;
			files = (
			);
			runOnlyForDeploymentPostprocessing = 0;
		};
		3FEBCDC422CA670400A74A89 /* Frameworks */ = {
			isa = PBXFrameworksBuildPhase;
			buildActionMask = 2147483647;
			files = (
			);
			runOnlyForDeploymentPostprocessing = 0;
		};
		3FEBCDCF22CA670400A74A89 /* Frameworks */ = {
			isa = PBXFrameworksBuildPhase;
			buildActionMask = 2147483647;
			files = (
			);
			runOnlyForDeploymentPostprocessing = 0;
		};
/* End PBXFrameworksBuildPhase section */

/* Begin PBXGroup section */
		3FEBCDAA22CA670400A74A89 = {
			isa = PBXGroup;
			children = (
				3FEBCDB522CA670400A74A89 /* Egg Timer */,
				3FEBCDCA22CA670400A74A89 /* Egg TimerTests */,
				3FEBCDD522CA670400A74A89 /* Egg TimerUITests */,
				3FEBCDB422CA670400A74A89 /* Products */,
			);
			sourceTree = "<group>";
		};
		3FEBCDB422CA670400A74A89 /* Products */ = {
			isa = PBXGroup;
			children = (
				3FEBCDB322CA670400A74A89 /* Egg Timer.app */,
				3FEBCDC722CA670400A74A89 /* Egg TimerTests.xctest */,
				3FEBCDD222CA670400A74A89 /* Egg TimerUITests.xctest */,
			);
			name = Products;
			sourceTree = "<group>";
		};
		3FEBCDB522CA670400A74A89 /* Egg Timer */ = {
			isa = PBXGroup;
			children = (
				3FEBCDB622CA670400A74A89 /* AppDelegate.swift */,
				3FEBCDB822CA670400A74A89 /* ViewController.swift */,
				3FEBCDBA22CA670400A74A89 /* Main.storyboard */,
				3FEBCDBD22CA670400A74A89 /* Assets.xcassets */,
				3FEBCDBF22CA670400A74A89 /* LaunchScreen.storyboard */,
				3FEBCDC222CA670400A74A89 /* Info.plist */,
			);
			path = "Egg Timer";
			sourceTree = "<group>";
		};
		3FEBCDCA22CA670400A74A89 /* Egg TimerTests */ = {
			isa = PBXGroup;
			children = (
				3FEBCDCB22CA670400A74A89 /* Egg_TimerTests.swift */,
				3FEBCDCD22CA670400A74A89 /* Info.plist */,
			);
			path = "Egg TimerTests";
			sourceTree = "<group>";
		};
		3FEBCDD522CA670400A74A89 /* Egg TimerUITests */ = {
			isa = PBXGroup;
			children = (
				3FEBCDD622CA670400A74A89 /* Egg_TimerUITests.swift */,
				3FEBCDD822CA670400A74A89 /* Info.plist */,
			);
			path = "Egg TimerUITests";
			sourceTree = "<group>";
		};
/* End PBXGroup section */

/* Begin PBXNativeTarget section */
		3FEBCDB222CA670400A74A89 /* Egg Timer */ = {
			isa = PBXNativeTarget;
			buildConfigurationList = 3FEBCDDB22CA670400A74A89 /* Build configuration list for PBXNativeTarget "Egg Timer" */;
			buildPhases = (
				3FEBCDAF22CA670400A74A89 /* Sources */,
				3FEBCDB022CA670400A74A89 /* Frameworks */,
				3FEBCDB122CA670400A74A89 /* Resources */,
			);
			buildRules = (
			);
			dependencies = (
			);
			name = "Egg Timer";
			productName = "Egg Timer";
			productReference = 3FEBCDB322CA670400A74A89 /* Egg Timer.app */;
			productType = "com.apple.product-type.application";
		};
		3FEBCDC622CA670400A74A89 /* Egg TimerTests */ = {
			isa = PBXNativeTarget;
			buildConfigurationList = 3FEBCDDE22CA670400A74A89 /* Build configuration list for PBXNativeTarget "Egg TimerTests" */;
			buildPhases = (
				3FEBCDC322CA670400A74A89 /* Sources */,
				3FEBCDC422CA670400A74A89 /* Frameworks */,
				3FEBCDC522CA670400A74A89 /* Resources */,
			);
			buildRules = (
			);
			dependencies = (
				3FEBCDC922CA670400A74A89 /* PBXTargetDependency */,
			);
			name = "Egg TimerTests";
			productName = "Egg TimerTests";
			productReference = 3FEBCDC722CA670400A74A89 /* Egg TimerTests.xctest */;
			productType = "com.apple.product-type.bundle.unit-test";
		};
		3FEBCDD122CA670400A74A89 /* Egg TimerUITests */ = {
			isa = PBXNativeTarget;
			buildConfigurationList = 3FEBCDE122CA670400A74A89 /* Build configuration list for PBXNativeTarget "Egg TimerUITests" */;
			buildPhases = (
				3FEBCDCE22CA670400A74A89 /* Sources */,
				3FEBCDCF22CA670400A74A89 /* Frameworks */,
				3FEBCDD022CA670400A74A89 /* Resources */,
			);
			buildRules = (
			);
			dependencies = (
				3FEBCDD422CA670400A74A89 /* PBXTargetDependency */,
			);
			name = "Egg TimerUITests";
			productName = "Egg TimerUITests";
			productReference = 3FEBCDD222CA670400A74A89 /* Egg TimerUITests.xctest */;
			productType = "com.apple.product-type.bundle.ui-testing";
		};
/* End PBXNativeTarget section */

/* Begin PBXProject section */
		3FEBCDAB22CA670400A74A89 /* Project object */ = {
			isa = PBXProject;
			attributes = {
				LastSwiftUpdateCheck = 1010;
				LastUpgradeCheck = 1010;
				ORGANIZATIONNAME = student;
				TargetAttributes = {
					3FEBCDB222CA670400A74A89 = {
						CreatedOnToolsVersion = 10.1;
					};
					3FEBCDC622CA670400A74A89 = {
						CreatedOnToolsVersion = 10.1;
						TestTargetID = 3FEBCDB222CA670400A74A89;
					};
					3FEBCDD122CA670400A74A89 = {
						CreatedOnToolsVersion = 10.1;
						TestTargetID = 3FEBCDB222CA670400A74A89;
					};
				};
			};
			buildConfigurationList = 3FEBCDAE22CA670400A74A89 /* Build configuration list for PBXProject "Egg Timer" */;
			compatibilityVersion = "Xcode 9.3";
			developmentRegion = en;
			hasScannedForEncodings = 0;
			knownRegions = (
				en,
				Base,
			);
			mainGroup = 3FEBCDAA22CA670400A74A89;
			productRefGroup = 3FEBCDB422CA670400A74A89 /* Products */;
			projectDirPath = "";
			projectRoot = "";
			targets = (
				3FEBCDB222CA670400A74A89 /* Egg Timer */,
				3FEBCDC622CA670400A74A89 /* Egg TimerTests */,
				3FEBCDD122CA670400A74A89 /* Egg TimerUITests */,
			);
		};
/* End PBXProject section */

/* Begin PBXResourcesBuildPhase section */
		3FEBCDB122CA670400A74A89 /* Resources */ = {
			isa = PBXResourcesBuildPhase;
			buildActionMask = 2147483647;
			files = (
				3FEBCDC122CA670400A74A89 /* LaunchScreen.storyboard in Resources */,
				3FEBCDBE22CA670400A74A89 /* Assets.xcassets in Resources */,
				3FEBCDBC22CA670400A74A89 /* Main.storyboard in Resources */,
			);
			runOnlyForDeploymentPostprocessing = 0;
		};
		3FEBCDC522CA670400A74A89 /* Resources */ = {
			isa = PBXResourcesBuildPhase;
			buildActionMask = 2147483647;
			files = (
			);
			runOnlyForDeploymentPostprocessing = 0;
		};
		3FEBCDD022CA670400A74A89 /* Resources */ = {
			isa = PBXResourcesBuildPhase;
			buildActionMask = 2147483647;
			files = (
			);
			runOnlyForDeploymentPostprocessing = 0;
		};
/* End PBXResourcesBuildPhase section */

/* Begin PBXSourcesBuildPhase section */
		3FEBCDAF22CA670400A74A89 /* Sources */ = {
			isa = PBXSourcesBuildPhase;
			buildActionMask = 2147483647;
			files = (
				3FEBCDB922CA670400A74A89 /* ViewController.swift in Sources */,
				3FEBCDB722CA670400A74A89 /* AppDelegate.swift in Sources */,
			);
			runOnlyForDeploymentPostprocessing = 0;
		};
		3FEBCDC322CA670400A74A89 /* Sources */ = {
			isa = PBXSourcesBuildPhase;
			buildActionMask = 2147483647;
			files = (
				3FEBCDCC22CA670400A74A89 /* Egg_TimerTests.swift in Sources */,
			);
			runOnlyForDeploymentPostprocessing = 0;
		};
		3FEBCDCE22CA670400A74A89 /* Sources */ = {
			isa = PBXSourcesBuildPhase;
			buildActionMask = 2147483647;
			files = (
				3FEBCDD722CA670400A74A89 /* Egg_TimerUITests.swift in Sources */,
			);
			runOnlyForDeploymentPostprocessing = 0;
		};
/* End PBXSourcesBuildPhase section */

/* Begin PBXTargetDependency section */
		3FEBCDC922CA670400A74A89 /* PBXTargetDependency */ = {
			isa = PBXTargetDependency;
			target = 3FEBCDB222CA670400A74A89 /* Egg Timer */;
			targetProxy = 3FEBCDC822CA670400A74A89 /* PBXContainerItemProxy */;
		};
		3FEBCDD422CA670400A74A89 /* PBXTargetDependency */ = {
			isa = PBXTargetDependency;
			target = 3FEBCDB222CA670400A74A89 /* Egg Timer */;
			targetProxy = 3FEBCDD322CA670400A74A89 /* PBXContainerItemProxy */;
		};
/* End PBXTargetDependency section */

/* Begin PBXVariantGroup section */
		3FEBCDBA22CA670400A74A89 /* Main.storyboard */ = {
			isa = PBXVariantGroup;
			children = (
				3FEBCDBB22CA670400A74A89 /* Base */,
			);
			name = Main.storyboard;
			sourceTree = "<group>";
		};
		3FEBCDBF22CA670400A74A89 /* LaunchScreen.storyboard */ = {
			isa = PBXVariantGroup;
			children = (
				3FEBCDC022CA670400A74A89 /* Base */,
			);
			name = LaunchScreen.storyboard;
			sourceTree = "<group>";
		};
/* End PBXVariantGroup section */

/* Begin XCBuildConfiguration section */
		3FEBCDD922CA670400A74A89 /* Debug */ = {
			isa = XCBuildConfiguration;
			buildSettings = {
				ALWAYS_SEARCH_USER_PATHS = NO;
				CLANG_ANALYZER_NONNULL = YES;
				CLANG_ANALYZER_NUMBER_OBJECT_CONVERSION = YES_AGGRESSIVE;
				CLANG_CXX_LANGUAGE_STANDARD = "gnu++14";
				CLANG_CXX_LIBRARY = "libc++";
				CLANG_ENABLE_MODULES = YES;
				CLANG_ENABLE_OBJC_ARC = YES;
				CLANG_ENABLE_OBJC_WEAK = YES;
				CLANG_WARN_BLOCK_CAPTURE_AUTORELEASING = YES;
				CLANG_WARN_BOOL_CONVERSION = YES;
				CLANG_WARN_COMMA = YES;
				CLANG_WARN_CONSTANT_CONVERSION = YES;
				CLANG_WARN_DEPRECATED_OBJC_IMPLEMENTATIONS = YES;
				CLANG_WARN_DIRECT_OBJC_ISA_USAGE = YES_ERROR;
				CLANG_WARN_DOCUMENTATION_COMMENTS = YES;
				CLANG_WARN_EMPTY_BODY = YES;
				CLANG_WARN_ENUM_CONVERSION = YES;
				CLANG_WARN_INFINITE_RECURSION = YES;
				CLANG_WARN_INT_CONVERSION = YES;
				CLANG_WARN_NON_LITERAL_NULL_CONVERSION = YES;
				CLANG_WARN_OBJC_IMPLICIT_RETAIN_SELF = YES;
				CLANG_WARN_OBJC_LITERAL_CONVERSION = YES;
				CLANG_WARN_OBJC_ROOT_CLASS = YES_ERROR;
				CLANG_WARN_RANGE_LOOP_ANALYSIS = YES;
				CLANG_WARN_STRICT_PROTOTYPES = YES;
				CLANG_WARN_SUSPICIOUS_MOVE = YES;
				CLANG_WARN_UNGUARDED_AVAILABILITY = YES_AGGRESSIVE;
				CLANG_WARN_UNREACHABLE_CODE = YES;
				CLANG_WARN__DUPLICATE_METHOD_MATCH = YES;
				CODE_SIGN_IDENTITY = "iPhone Developer";
				COPY_PHASE_STRIP = NO;
				DEBUG_INFORMATION_FORMAT = dwarf;
				ENABLE_STRICT_OBJC_MSGSEND = YES;
				ENABLE_TESTABILITY = YES;
				GCC_C_LANGUAGE_STANDARD = gnu11;
				GCC_DYNAMIC_NO_PIC = NO;
				GCC_NO_COMMON_BLOCKS = YES;
				GCC_OPTIMIZATION_LEVEL = 0;
				GCC_PREPROCESSOR_DEFINITIONS = (
					"DEBUG=1",
					"$(inherited)",
				);
				GCC_WARN_64_TO_32_BIT_CONVERSION = YES;
				GCC_WARN_ABOUT_RETURN_TYPE = YES_ERROR;
				GCC_WARN_UNDECLARED_SELECTOR = YES;
				GCC_WARN_UNINITIALIZED_AUTOS = YES_AGGRESSIVE;
				GCC_WARN_UNUSED_FUNCTION = YES;
				GCC_WARN_UNUSED_VARIABLE = YES;
				IPHONEOS_DEPLOYMENT_TARGET = 12.1;
				MTL_ENABLE_DEBUG_INFO = INCLUDE_SOURCE;
				MTL_FAST_MATH = YES;
				ONLY_ACTIVE_ARCH = YES;
				SDKROOT = iphoneos;
				SWIFT_ACTIVE_COMPILATION_CONDITIONS = DEBUG;
				SWIFT_OPTIMIZATION_LEVEL = "-Onone";
			};
			name = Debug;
		};
		3FEBCDDA22CA670400A74A89 /* Release */ = {
			isa = XCBuildConfiguration;
			buildSettings = {
				ALWAYS_SEARCH_USER_PATHS = NO;
				CLANG_ANALYZER_NONNULL = YES;
				CLANG_ANALYZER_NUMBER_OBJECT_CONVERSION = YES_AGGRESSIVE;
				CLANG_CXX_LANGUAGE_STANDARD = "gnu++14";
				CLANG_CXX_LIBRARY = "libc++";
				CLANG_ENABLE_MODULES = YES;
				CLANG_ENABLE_OBJC_ARC = YES;
				CLANG_ENABLE_OBJC_WEAK = YES;
				CLANG_WARN_BLOCK_CAPTURE_AUTORELEASING = YES;
				CLANG_WARN_BOOL_CONVERSION = YES;
				CLANG_WARN_COMMA = YES;
				CLANG_WARN_CONSTANT_CONVERSION = YES;
				CLANG_WARN_DEPRECATED_OBJC_IMPLEMENTATIONS = YES;
				CLANG_WARN_DIRECT_OBJC_ISA_USAGE = YES_ERROR;
				CLANG_WARN_DOCUMENTATION_COMMENTS = YES;
				CLANG_WARN_EMPTY_BODY = YES;
				CLANG_WARN_ENUM_CONVERSION = YES;
				CLANG_WARN_INFINITE_RECURSION = YES;
				CLANG_WARN_INT_CONVERSION = YES;
				CLANG_WARN_NON_LITERAL_NULL_CONVERSION = YES;
				CLANG_WARN_OBJC_IMPLICIT_RETAIN_SELF = YES;
				CLANG_WARN_OBJC_LITERAL_CONVERSION = YES;
				CLANG_WARN_OBJC_ROOT_CLASS = YES_ERROR;
				CLANG_WARN_RANGE_LOOP_ANALYSIS = YES;
				CLANG_WARN_STRICT_PROTOTYPES = YES;
				CLANG_WARN_SUSPICIOUS_MOVE = YES;
				CLANG_WARN_UNGUARDED_AVAILABILITY = YES_AGGRESSIVE;
				CLANG_WARN_UNREACHABLE_CODE = YES;
				CLANG_WARN__DUPLICATE_METHOD_MATCH = YES;
				CODE_SIGN_IDENTITY = "iPhone Developer";
				COPY_PHASE_STRIP = NO;
				DEBUG_INFORMATION_FORMAT = "dwarf-with-dsym";
				ENABLE_NS_ASSERTIONS = NO;
				ENABLE_STRICT_OBJC_MSGSEND = YES;
				GCC_C_LANGUAGE_STANDARD = gnu11;
				GCC_NO_COMMON_BLOCKS = YES;
				GCC_WARN_64_TO_32_BIT_CONVERSION = YES;
				GCC_WARN_ABOUT_RETURN_TYPE = YES_ERROR;
				GCC_WARN_UNDECLARED_SELECTOR = YES;
				GCC_WARN_UNINITIALIZED_AUTOS = YES_AGGRESSIVE;
				GCC_WARN_UNUSED_FUNCTION = YES;
				GCC_WARN_UNUSED_VARIABLE = YES;
				IPHONEOS_DEPLOYMENT_TARGET = 12.1;
				MTL_ENABLE_DEBUG_INFO = NO;
				MTL_FAST_MATH = YES;
				SDKROOT = iphoneos;
				SWIFT_COMPILATION_MODE = wholemodule;
				SWIFT_OPTIMIZATION_LEVEL = "-O";
				VALIDATE_PRODUCT = YES;
			};
			name = Release;
		};
		3FEBCDDC22CA670400A74A89 /* Debug */ = {
			isa = XCBuildConfiguration;
			buildSettings = {
				ASSETCATALOG_COMPILER_APPICON_NAME = AppIcon;
				CODE_SIGN_STYLE = Automatic;
				INFOPLIST_FILE = "Egg Timer/Info.plist";
				LD_RUNPATH_SEARCH_PATHS = (
					"$(inherited)",
					"@executable_path/Frameworks",
				);
				PRODUCT_BUNDLE_IDENTIFIER = "test.Egg-Timer";
				PRODUCT_NAME = "$(TARGET_NAME)";
				SWIFT_VERSION = 4.2;
				TARGETED_DEVICE_FAMILY = "1,2";
			};
			name = Debug;
		};
		3FEBCDDD22CA670400A74A89 /* Release */ = {
			isa = XCBuildConfiguration;
			buildSettings = {
				ASSETCATALOG_COMPILER_APPICON_NAME = AppIcon;
				CODE_SIGN_STYLE = Automatic;
				INFOPLIST_FILE = "Egg Timer/Info.plist";
				LD_RUNPATH_SEARCH_PATHS = (
					"$(inherited)",
					"@executable_path/Frameworks",
				);
				PRODUCT_BUNDLE_IDENTIFIER = "test.Egg-Timer";
				PRODUCT_NAME = "$(TARGET_NAME)";
				SWIFT_VERSION = 4.2;
				TARGETED_DEVICE_FAMILY = "1,2";
			};
			name = Release;
		};
		3FEBCDDF22CA670400A74A89 /* Debug */ = {
			isa = XCBuildConfiguration;
			buildSettings = {
				ALWAYS_EMBED_SWIFT_STANDARD_LIBRARIES = YES;
				BUNDLE_LOADER = "$(TEST_HOST)";
				CODE_SIGN_STYLE = Automatic;
				INFOPLIST_FILE = "Egg TimerTests/Info.plist";
				LD_RUNPATH_SEARCH_PATHS = (
					"$(inherited)",
					"@executable_path/Frameworks",
					"@loader_path/Frameworks",
				);
				PRODUCT_BUNDLE_IDENTIFIER = "test.Egg-TimerTests";
				PRODUCT_NAME = "$(TARGET_NAME)";
				SWIFT_VERSION = 4.2;
				TARGETED_DEVICE_FAMILY = "1,2";
				TEST_HOST = "$(BUILT_PRODUCTS_DIR)/Egg Timer.app/Egg Timer";
			};
			name = Debug;
		};
		3FEBCDE022CA670400A74A89 /* Release */ = {
			isa = XCBuildConfiguration;
			buildSettings = {
				ALWAYS_EMBED_SWIFT_STANDARD_LIBRARIES = YES;
				BUNDLE_LOADER = "$(TEST_HOST)";
				CODE_SIGN_STYLE = Automatic;
				INFOPLIST_FILE = "Egg TimerTests/Info.plist";
				LD_RUNPATH_SEARCH_PATHS = (
					"$(inherited)",
					"@executable_path/Frameworks",
					"@loader_path/Frameworks",
				);
				PRODUCT_BUNDLE_IDENTIFIER = "test.Egg-TimerTests";
				PRODUCT_NAME = "$(TARGET_NAME)";
				SWIFT_VERSION = 4.2;
				TARGETED_DEVICE_FAMILY = "1,2";
				TEST_HOST = "$(BUILT_PRODUCTS_DIR)/Egg Timer.app/Egg Timer";
			};
			name = Release;
		};
		3FEBCDE222CA670400A74A89 /* Debug */ = {
			isa = XCBuildConfiguration;
			buildSettings = {
				ALWAYS_EMBED_SWIFT_STANDARD_LIBRARIES = YES;
				CODE_SIGN_STYLE = Automatic;
				INFOPLIST_FILE = "Egg TimerUITests/Info.plist";
				LD_RUNPATH_SEARCH_PATHS = (
					"$(inherited)",
					"@executable_path/Frameworks",
					"@loader_path/Frameworks",
				);
				PRODUCT_BUNDLE_IDENTIFIER = "test.Egg-TimerUITests";
				PRODUCT_NAME = "$(TARGET_NAME)";
				SWIFT_VERSION = 4.2;
				TARGETED_DEVICE_FAMILY = "1,2";
				TEST_TARGET_NAME = "Egg Timer";
			};
			name = Debug;
		};
		3FEBCDE322CA670400A74A89 /* Release */ = {
			isa = XCBuildConfiguration;
			buildSettings = {
				ALWAYS_EMBED_SWIFT_STANDARD_LIBRARIES = YES;
				CODE_SIGN_STYLE = Automatic;
				INFOPLIST_FILE = "Egg TimerUITests/Info.plist";
				LD_RUNPATH_SEARCH_PATHS = (
					"$(inherited)",
					"@executable_path/Frameworks",
					"@loader_path/Frameworks",
				);
				PRODUCT_BUNDLE_IDENTIFIER = "test.Egg-TimerUITests";
				PRODUCT_NAME = "$(TARGET_NAME)";
				SWIFT_VERSION = 4.2;
				TARGETED_DEVICE_FAMILY = "1,2";
				TEST_TARGET_NAME = "Egg Timer";
			};
			name = Release;
		};
/* End XCBuildConfiguration section */

/* Begin XCConfigurationList section */
		3FEBCDAE22CA670400A74A89 /* Build configuration list for PBXProject "Egg Timer" */ = {
			isa = XCConfigurationList;
			buildConfigurations = (
				3FEBCDD922CA670400A74A89 /* Debug */,
				3FEBCDDA22CA670400A74A89 /* Release */,
			);
			defaultConfigurationIsVisible = 0;
			defaultConfigurationName = Release;
		};
		3FEBCDDB22CA670400A74A89 /* Build configuration list for PBXNativeTarget "Egg Timer" */ = {
			isa = XCConfigurationList;
			buildConfigurations = (
				3FEBCDDC22CA670400A74A89 /* Debug */,
				3FEBCDDD22CA670400A74A89 /* Release */,
			);
			defaultConfigurationIsVisible = 0;
			defaultConfigurationName = Release;
		};
		3FEBCDDE22CA670400A74A89 /* Build configuration list for PBXNativeTarget "Egg TimerTests" */ = {
			isa = XCConfigurationList;
			buildConfigurations = (
				3FEBCDDF22CA670400A74A89 /* Debug */,
				3FEBCDE022CA670400A74A89 /* Release */,
			);
			defaultConfigurationIsVisible = 0;
			defaultConfigurationName = Release;
		};
		3FEBCDE122CA670400A74A89 /* Build configuration list for PBXNativeTarget "Egg TimerUITests" */ = {
			isa = XCConfigurationList;
			buildConfigurations = (
				3FEBCDE222CA670400A74A89 /* Debug */,
				3FEBCDE322CA670400A74A89 /* Release */,
			);
			defaultConfigurationIsVisible = 0;
			defaultConfigurationName = Release;
		};
/* End XCConfigurationList section */
	};
	rootObject = 3FEBCDAB22CA670400A74A89 /* Project object */;
}
